// !$*UTF8*$!
{
	archiveVersion = 1;
	classes = {
	};
	objectVersion = 46;
	objects = {

/* Begin PBXBuildFile section */
		9C1651471AB974C000404108 /* main.m in Sources */ = {isa = PBXBuildFile; fileRef = 9C1651461AB974C000404108 /* main.m */; };
		9C16514A1AB974C000404108 /* AppDelegate.m in Sources */ = {isa = PBXBuildFile; fileRef = 9C1651491AB974C000404108 /* AppDelegate.m */; };
		9C16514D1AB974C000404108 /* ViewController.m in Sources */ = {isa = PBXBuildFile; fileRef = 9C16514C1AB974C000404108 /* ViewController.m */; };
		9C1651501AB974C000404108 /* Main.storyboard in Resources */ = {isa = PBXBuildFile; fileRef = 9C16514E1AB974C000404108 /* Main.storyboard */; };
		9C1651521AB974C000404108 /* Images.xcassets in Resources */ = {isa = PBXBuildFile; fileRef = 9C1651511AB974C000404108 /* Images.xcassets */; };
		9C1651551AB974C000404108 /* LaunchScreen.xib in Resources */ = {isa = PBXBuildFile; fileRef = 9C1651531AB974C000404108 /* LaunchScreen.xib */; };
		9C1651611AB974C100404108 /* PlayerTPTests.m in Sources */ = {isa = PBXBuildFile; fileRef = 9C1651601AB974C100404108 /* PlayerTPTests.m */; };
/* End PBXBuildFile section */

/* Begin PBXContainerItemProxy section */
		9C16515B1AB974C100404108 /* PBXContainerItemProxy */ = {
			isa = PBXContainerItemProxy;
			containerPortal = 9C1651391AB974C000404108 /* Project object */;
			proxyType = 1;
			remoteGlobalIDString = 9C1651401AB974C000404108;
			remoteInfo = PlayerTP;
		};
/* End PBXContainerItemProxy section */

/* Begin PBXFileReference section */
		9C1651411AB974C000404108 /* PlayerTP.app */ = {isa = PBXFileReference; explicitFileType = wrapper.application; includeInIndex = 0; path = PlayerTP.app; sourceTree = BUILT_PRODUCTS_DIR; };
		9C1651451AB974C000404108 /* Info.plist */ = {isa = PBXFileReference; lastKnownFileType = text.plist.xml; path = Info.plist; sourceTree = "<group>"; };
		9C1651461AB974C000404108 /* main.m */ = {isa = PBXFileReference; lastKnownFileType = sourcecode.c.objc; path = main.m; sourceTree = "<group>"; };
		9C1651481AB974C000404108 /* AppDelegate.h */ = {isa = PBXFileReference; lastKnownFileType = sourcecode.c.h; path = AppDelegate.h; sourceTree = "<group>"; };
		9C1651491AB974C000404108 /* AppDelegate.m */ = {isa = PBXFileReference; lastKnownFileType = sourcecode.c.objc; path = AppDelegate.m; sourceTree = "<group>"; };
		9C16514B1AB974C000404108 /* ViewController.h */ = {isa = PBXFileReference; lastKnownFileType = sourcecode.c.h; path = ViewController.h; sourceTree = "<group>"; };
		9C16514C1AB974C000404108 /* ViewController.m */ = {isa = PBXFileReference; lastKnownFileType = sourcecode.c.objc; path = ViewController.m; sourceTree = "<group>"; };
		9C16514F1AB974C000404108 /* Base */ = {isa = PBXFileReference; lastKnownFileType = file.storyboard; name = Base; path = Base.lproj/Main.storyboard; sourceTree = "<group>"; };
		9C1651511AB974C000404108 /* Images.xcassets */ = {isa = PBXFileReference; lastKnownFileType = folder.assetcatalog; path = Images.xcassets; sourceTree = "<group>"; };
		9C1651541AB974C000404108 /* Base */ = {isa = PBXFileReference; lastKnownFileType = file.xib; name = Base; path = Base.lproj/LaunchScreen.xib; sourceTree = "<group>"; };
		9C16515A1AB974C100404108 /* PlayerTPTests.xctest */ = {isa = PBXFileReference; explicitFileType = wrapper.cfbundle; includeInIndex = 0; path = PlayerTPTests.xctest; sourceTree = BUILT_PRODUCTS_DIR; };
		9C16515F1AB974C100404108 /* Info.plist */ = {isa = PBXFileReference; lastKnownFileType = text.plist.xml; path = Info.plist; sourceTree = "<group>"; };
		9C1651601AB974C100404108 /* PlayerTPTests.m */ = {isa = PBXFileReference; lastKnownFileType = sourcecode.c.objc; path = PlayerTPTests.m; sourceTree = "<group>"; };
/* End PBXFileReference section */

/* Begin PBXFrameworksBuildPhase section */
		9C16513E1AB974C000404108 /* Frameworks */ = {
			isa = PBXFrameworksBuildPhase;
			buildActionMask = 2147483647;
			files = (
			);
			runOnlyForDeploymentPostprocessing = 0;
		};
		9C1651571AB974C100404108 /* Frameworks */ = {
			isa = PBXFrameworksBuildPhase;
			buildActionMask = 2147483647;
			files = (
			);
			runOnlyForDeploymentPostprocessing = 0;
		};
/* End PBXFrameworksBuildPhase section */

/* Begin PBXGroup section */
		9C1651381AB974C000404108 = {
			isa = PBXGroup;
			children = (
				9C1651431AB974C000404108 /* PlayerTP */,
				9C16515D1AB974C100404108 /* PlayerTPTests */,
				9C1651421AB974C000404108 /* Products */,
			);
			sourceTree = "<group>";
		};
		9C1651421AB974C000404108 /* Products */ = {
			isa = PBXGroup;
			children = (
				9C1651411AB974C000404108 /* PlayerTP.app */,
				9C16515A1AB974C100404108 /* PlayerTPTests.xctest */,
			);
			name = Products;
			sourceTree = "<group>";
		};
		9C1651431AB974C000404108 /* PlayerTP */ = {
			isa = PBXGroup;
			children = (
				9C1651481AB974C000404108 /* AppDelegate.h */,
				9C1651491AB974C000404108 /* AppDelegate.m */,
				9C16514B1AB974C000404108 /* ViewController.h */,
				9C16514C1AB974C000404108 /* ViewController.m */,
				9C16514E1AB974C000404108 /* Main.storyboard */,
				9C1651511AB974C000404108 /* Images.xcassets */,
				9C1651531AB974C000404108 /* LaunchScreen.xib */,
				9C1651441AB974C000404108 /* Supporting Files */,
			);
			path = PlayerTP;
			sourceTree = "<group>";
		};
		9C1651441AB974C000404108 /* Supporting Files */ = {
			isa = PBXGroup;
			children = (
				9C1651451AB974C000404108 /* Info.plist */,
				9C1651461AB974C000404108 /* main.m */,
			);
			name = "Supporting Files";
			sourceTree = "<group>";
		};
		9C16515D1AB974C100404108 /* PlayerTPTests */ = {
			isa = PBXGroup;
			children = (
				9C1651601AB974C100404108 /* PlayerTPTests.m */,
				9C16515E1AB974C100404108 /* Supporting Files */,
			);
			path = PlayerTPTests;
			sourceTree = "<group>";
		};
		9C16515E1AB974C100404108 /* Supporting Files */ = {
			isa = PBXGroup;
			children = (
				9C16515F1AB974C100404108 /* Info.plist */,
			);
			name = "Supporting Files";
			sourceTree = "<group>";
		};
/* End PBXGroup section */

/* Begin PBXNativeTarget section */
		9C1651401AB974C000404108 /* PlayerTP */ = {
			isa = PBXNativeTarget;
			buildConfigurationList = 9C1651641AB974C100404108 /* Build configuration list for PBXNativeTarget "PlayerTP" */;
			buildPhases = (
				9C16513D1AB974C000404108 /* Sources */,
				9C16513E1AB974C000404108 /* Frameworks */,
				9C16513F1AB974C000404108 /* Resources */,
			);
			buildRules = (
			);
			dependencies = (
			);
			name = PlayerTP;
			productName = PlayerTP;
			productReference = 9C1651411AB974C000404108 /* PlayerTP.app */;
			productType = "com.apple.product-type.application";
		};
		9C1651591AB974C100404108 /* PlayerTPTests */ = {
			isa = PBXNativeTarget;
			buildConfigurationList = 9C1651671AB974C100404108 /* Build configuration list for PBXNativeTarget "PlayerTPTests" */;
			buildPhases = (
				9C1651561AB974C100404108 /* Sources */,
				9C1651571AB974C100404108 /* Frameworks */,
				9C1651581AB974C100404108 /* Resources */,
			);
			buildRules = (
			);
			dependencies = (
				9C16515C1AB974C100404108 /* PBXTargetDependency */,
			);
			name = PlayerTPTests;
			productName = PlayerTPTests;
			productReference = 9C16515A1AB974C100404108 /* PlayerTPTests.xctest */;
			productType = "com.apple.product-type.bundle.unit-test";
		};
/* End PBXNativeTarget section */

/* Begin PBXProject section */
		9C1651391AB974C000404108 /* Project object */ = {
			isa = PBXProject;
			attributes = {
				LastUpgradeCheck = 0610;
				ORGANIZATIONNAME = "Loïs Ménissier";
				TargetAttributes = {
					9C1651401AB974C000404108 = {
						CreatedOnToolsVersion = 6.1.1;
					};
					9C1651591AB974C100404108 = {
						CreatedOnToolsVersion = 6.1.1;
						TestTargetID = 9C1651401AB974C000404108;
					};
				};
			};
			buildConfigurationList = 9C16513C1AB974C000404108 /* Build configuration list for PBXProject "PlayerTP" */;
			compatibilityVersion = "Xcode 3.2";
			developmentRegion = English;
			hasScannedForEncodings = 0;
			knownRegions = (
				en,
				Base,
			);
			mainGroup = 9C1651381AB974C000404108;
			productRefGroup = 9C1651421AB974C000404108 /* Products */;
			projectDirPath = "";
			projectRoot = "";
			targets = (
				9C1651401AB974C000404108 /* PlayerTP */,
				9C1651591AB974C100404108 /* PlayerTPTests */,
			);
		};
/* End PBXProject section */

/* Begin PBXResourcesBuildPhase section */
		9C16513F1AB974C000404108 /* Resources */ = {
			isa = PBXResourcesBuildPhase;
			buildActionMask = 2147483647;
			files = (
				9C1651501AB974C000404108 /* Main.storyboard in Resources */,
				9C1651551AB974C000404108 /* LaunchScreen.xib in Resources */,
				9C1651521AB974C000404108 /* Images.xcassets in Resources */,
			);
			runOnlyForDeploymentPostprocessing = 0;
		};
		9C1651581AB974C100404108 /* Resources */ = {
			isa = PBXResourcesBuildPhase;
			buildActionMask = 2147483647;
			files = (
			);
			runOnlyForDeploymentPostprocessing = 0;
		};
/* End PBXResourcesBuildPhase section */

/* Begin PBXSourcesBuildPhase section */
		9C16513D1AB974C000404108 /* Sources */ = {
			isa = PBXSourcesBuildPhase;
			buildActionMask = 2147483647;
			files = (
				9C16514D1AB974C000404108 /* ViewController.m in Sources */,
				9C16514A1AB974C000404108 /* AppDelegate.m in Sources */,
				9C1651471AB974C000404108 /* main.m in Sources */,
			);
			runOnlyForDeploymentPostprocessing = 0;
		};
		9C1651561AB974C100404108 /* Sources */ = {
			isa = PBXSourcesBuildPhase;
			buildActionMask = 2147483647;
			files = (
				9C1651611AB974C100404108 /* PlayerTPTests.m in Sources */,
			);
			runOnlyForDeploymentPostprocessing = 0;
		};
/* End PBXSourcesBuildPhase section */

/* Begin PBXTargetDependency section */
		9C16515C1AB974C100404108 /* PBXTargetDependency */ = {
			isa = PBXTargetDependency;
			target = 9C1651401AB974C000404108 /* PlayerTP */;
			targetProxy = 9C16515B1AB974C100404108 /* PBXContainerItemProxy */;
		};
/* End PBXTargetDependency section */

/* Begin PBXVariantGroup section */
		9C16514E1AB974C000404108 /* Main.storyboard */ = {
			isa = PBXVariantGroup;
			children = (
				9C16514F1AB974C000404108 /* Base */,
			);
			name = Main.storyboard;
			sourceTree = "<group>";
		};
		9C1651531AB974C000404108 /* LaunchScreen.xib */ = {
			isa = PBXVariantGroup;
			children = (
				9C1651541AB974C000404108 /* Base */,
			);
			name = LaunchScreen.xib;
			sourceTree = "<group>";
		};
/* End PBXVariantGroup section */

/* Begin XCBuildConfiguration section */
		9C1651621AB974C100404108 /* Debug */ = {
			isa = XCBuildConfiguration;
			buildSettings = {
				ALWAYS_SEARCH_USER_PATHS = NO;
				CLANG_CXX_LANGUAGE_STANDARD = "gnu++0x";
				CLANG_CXX_LIBRARY = "libc++";
				CLANG_ENABLE_MODULES = YES;
				CLANG_ENABLE_OBJC_ARC = YES;
				CLANG_WARN_BOOL_CONVERSION = YES;
				CLANG_WARN_CONSTANT_CONVERSION = YES;
				CLANG_WARN_DIRECT_OBJC_ISA_USAGE = YES_ERROR;
				CLANG_WARN_EMPTY_BODY = YES;
				CLANG_WARN_ENUM_CONVERSION = YES;
				CLANG_WARN_INT_CONVERSION = YES;
				CLANG_WARN_OBJC_ROOT_CLASS = YES_ERROR;
				CLANG_WARN_UNREACHABLE_CODE = YES;
				CLANG_WARN__DUPLICATE_METHOD_MATCH = YES;
				"CODE_SIGN_IDENTITY[sdk=iphoneos*]" = "iPhone Developer";
				COPY_PHASE_STRIP = NO;
				ENABLE_STRICT_OBJC_MSGSEND = YES;
				GCC_C_LANGUAGE_STANDARD = gnu99;
				GCC_DYNAMIC_NO_PIC = NO;
				GCC_OPTIMIZATION_LEVEL = 0;
				GCC_PREPROCESSOR_DEFINITIONS = (
					"DEBUG=1",
					"$(inherited)",
				);
				GCC_SYMBOLS_PRIVATE_EXTERN = NO;
				GCC_WARN_64_TO_32_BIT_CONVERSION = YES;
				GCC_WARN_ABOUT_RETURN_TYPE = YES_ERROR;
				GCC_WARN_UNDECLARED_SELECTOR = YES;
				GCC_WARN_UNINITIALIZED_AUTOS = YES_AGGRESSIVE;
				GCC_WARN_UNUSED_FUNCTION = YES;
				GCC_WARN_UNUSED_VARIABLE = YES;
				IPHONEOS_DEPLOYMENT_TARGET = 8.1;
				MTL_ENABLE_DEBUG_INFO = YES;
				ONLY_ACTIVE_ARCH = YES;
				SDKROOT = iphoneos;
			};
			name = Debug;
		};
		9C1651631AB974C100404108 /* Release */ = {
			isa = XCBuildConfiguration;
			buildSettings = {
				ALWAYS_SEARCH_USER_PATHS = NO;
				CLANG_CXX_LANGUAGE_STANDARD = "gnu++0x";
				CLANG_CXX_LIBRARY = "libc++";
				CLANG_ENABLE_MODULES = YES;
				CLANG_ENABLE_OBJC_ARC = YES;
				CLANG_WARN_BOOL_CONVERSION = YES;
				CLANG_WARN_CONSTANT_CONVERSION = YES;
				CLANG_WARN_DIRECT_OBJC_ISA_USAGE = YES_ERROR;
				CLANG_WARN_EMPTY_BODY = YES;
				CLANG_WARN_ENUM_CONVERSION = YES;
				CLANG_WARN_INT_CONVERSION = YES;
				CLANG_WARN_OBJC_ROOT_CLASS = YES_ERROR;
				CLANG_WARN_UNREACHABLE_CODE = YES;
				CLANG_WARN__DUPLICATE_METHOD_MATCH = YES;
				"CODE_SIGN_IDENTITY[sdk=iphoneos*]" = "iPhone Developer";
				COPY_PHASE_STRIP = YES;
				ENABLE_NS_ASSERTIONS = NO;
				ENABLE_STRICT_OBJC_MSGSEND = YES;
				GCC_C_LANGUAGE_STANDARD = gnu99;
				GCC_WARN_64_TO_32_BIT_CONVERSION = YES;
				GCC_WARN_ABOUT_RETURN_TYPE = YES_ERROR;
				GCC_WARN_UNDECLARED_SELECTOR = YES;
				GCC_WARN_UNINITIALIZED_AUTOS = YES_AGGRESSIVE;
				GCC_WARN_UNUSED_FUNCTION = YES;
				GCC_WARN_UNUSED_VARIABLE = YES;
				IPHONEOS_DEPLOYMENT_TARGET = 8.1;
				MTL_ENABLE_DEBUG_INFO = NO;
				SDKROOT = iphoneos;
				VALIDATE_PRODUCT = YES;
			};
			name = Release;
		};
		9C1651651AB974C100404108 /* Debug */ = {
			isa = XCBuildConfiguration;
			buildSettings = {
				ASSETCATALOG_COMPILER_APPICON_NAME = AppIcon;
				INFOPLIST_FILE = PlayerTP/Info.plist;
				LD_RUNPATH_SEARCH_PATHS = "$(inherited) @executable_path/Frameworks";
				PRODUCT_NAME = "$(TARGET_NAME)";
			};
			name = Debug;
		};
		9C1651661AB974C100404108 /* Release */ = {
			isa = XCBuildConfiguration;
			buildSettings = {
				ASSETCATALOG_COMPILER_APPICON_NAME = AppIcon;
				INFOPLIST_FILE = PlayerTP/Info.plist;
				LD_RUNPATH_SEARCH_PATHS = "$(inherited) @executable_path/Frameworks";
				PRODUCT_NAME = "$(TARGET_NAME)";
			};
			name = Release;
		};
		9C1651681AB974C100404108 /* Debug */ = {
			isa = XCBuildConfiguration;
			buildSettings = {
				BUNDLE_LOADER = "$(TEST_HOST)";
				FRAMEWORK_SEARCH_PATHS = (
					"$(SDKROOT)/Developer/Library/Frameworks",
					"$(inherited)",
				);
				GCC_PREPROCESSOR_DEFINITIONS = (
					"DEBUG=1",
					"$(inherited)",
				);
				INFOPLIST_FILE = PlayerTPTests/Info.plist;
				LD_RUNPATH_SEARCH_PATHS = "$(inherited) @executable_path/Frameworks @loader_path/Frameworks";
				PRODUCT_NAME = "$(TARGET_NAME)";
				TEST_HOST = "$(BUILT_PRODUCTS_DIR)/PlayerTP.app/PlayerTP";
			};
			name = Debug;
		};
		9C1651691AB974C100404108 /* Release */ = {
			isa = XCBuildConfiguration;
			buildSettings = {
				BUNDLE_LOADER = "$(TEST_HOST)";
				FRAMEWORK_SEARCH_PATHS = (
					"$(SDKROOT)/Developer/Library/Frameworks",
					"$(inherited)",
				);
				INFOPLIST_FILE = PlayerTPTests/Info.plist;
				LD_RUNPATH_SEARCH_PATHS = "$(inherited) @executable_path/Frameworks @loader_path/Frameworks";
				PRODUCT_NAME = "$(TARGET_NAME)";
				TEST_HOST = "$(BUILT_PRODUCTS_DIR)/PlayerTP.app/PlayerTP";
			};
			name = Release;
		};
/* End XCBuildConfiguration section */

/* Begin XCConfigurationList section */
		9C16513C1AB974C000404108 /* Build configuration list for PBXProject "PlayerTP" */ = {
			isa = XCConfigurationList;
			buildConfigurations = (
				9C1651621AB974C100404108 /* Debug */,
				9C1651631AB974C100404108 /* Release */,
			);
			defaultConfigurationIsVisible = 0;
			defaultConfigurationName = Release;
		};
		9C1651641AB974C100404108 /* Build configuration list for PBXNativeTarget "PlayerTP" */ = {
			isa = XCConfigurationList;
			buildConfigurations = (
				9C1651651AB974C100404108 /* Debug */,
				9C1651661AB974C100404108 /* Release */,
			);
			defaultConfigurationIsVisible = 0;
		};
		9C1651671AB974C100404108 /* Build configuration list for PBXNativeTarget "PlayerTPTests" */ = {
			isa = XCConfigurationList;
			buildConfigurations = (
				9C1651681AB974C100404108 /* Debug */,
				9C1651691AB974C100404108 /* Release */,
			);
			defaultConfigurationIsVisible = 0;
		};
/* End XCConfigurationList section */
	};
	rootObject = 9C1651391AB974C000404108 /* Project object */;
}
